
Microsoft Visual Studio Solution File, Format Version 12.00
# Visual Studio Version 16
VisualStudioVersion = 16.0.31229.75
MinimumVisualStudioVersion = 10.0.40219.1
Project("{9A19103F-16F7-4668-BE54-9A1E7A4F7556}") = "Strategy", "Strategy\Strategy.csproj", "{47DB3B0B-4D2A-4A7F-9684-EAC13AD263EC}"
EndProject
Project("{9A19103F-16F7-4668-BE54-9A1E7A4F7556}") = "Flyweight", "Flyweight\Flyweight.csproj", "{8CC81B24-723E-41B3-895B-99DE92EF90A7}"
EndProject
Project("{9A19103F-16F7-4668-BE54-9A1E7A4F7556}") = "Composite", "Composite\Composite.csproj", "{64267610-D2E1-42A7-9681-E86D2579C371}"
EndProject
Project("{9A19103F-16F7-4668-BE54-9A1E7A4F7556}") = "Facade", "Facade\Facade.csproj", "{8FB4BB0E-1601-49AF-AD62-4E9535DBD0FF}"
EndProject
Project("{9A19103F-16F7-4668-BE54-9A1E7A4F7556}") = "Adapter", "Adapter\Adapter.csproj", "{0D826E1F-C1DC-4E49-82F3-9387840E51F0}"
EndProject
Project("{9A19103F-16F7-4668-BE54-9A1E7A4F7556}") = "Bridge", "Bridge\Bridge.csproj", "{6A7BA01D-E5C0-49B1-B97B-4F6701F29F81}"
EndProject
Project("{9A19103F-16F7-4668-BE54-9A1E7A4F7556}") = "Proxy", "Proxy\Proxy.csproj", "{439507A7-F9F8-4575-86BB-A485663C7634}"
EndProject
Project("{FAE04EC0-301F-11D3-BF4B-00C04F79EFBC}") = "Factory", "Factory\Factory.csproj", "{002507DE-538B-48F7-A183-95EB5005281A}"
EndProject
Project("{FAE04EC0-301F-11D3-BF4B-00C04F79EFBC}") = "AbstractFactory", "AbstractFactory\AbstractFactory.csproj", "{FEE77FB0-32B9-47FE-BD2E-C0EBD3544D2F}"
EndProject
Project("{FAE04EC0-301F-11D3-BF4B-00C04F79EFBC}") = "Builder", "Builder\Builder.csproj", "{6420835A-ED10-41CE-8E4C-FD38FB7DB17F}"
EndProject
Global
	GlobalSection(SolutionConfigurationPlatforms) = preSolution
		Debug|Any CPU = Debug|Any CPU
		Release|Any CPU = Release|Any CPU
	EndGlobalSection
	GlobalSection(ProjectConfigurationPlatforms) = postSolution
		{47DB3B0B-4D2A-4A7F-9684-EAC13AD263EC}.Debug|Any CPU.ActiveCfg = Debug|Any CPU
		{47DB3B0B-4D2A-4A7F-9684-EAC13AD263EC}.Debug|Any CPU.Build.0 = Debug|Any CPU
		{47DB3B0B-4D2A-4A7F-9684-EAC13AD263EC}.Release|Any CPU.ActiveCfg = Release|Any CPU
		{47DB3B0B-4D2A-4A7F-9684-EAC13AD263EC}.Release|Any CPU.Build.0 = Release|Any CPU
		{8CC81B24-723E-41B3-895B-99DE92EF90A7}.Debug|Any CPU.ActiveCfg = Debug|Any CPU
		{8CC81B24-723E-41B3-895B-99DE92EF90A7}.Debug|Any CPU.Build.0 = Debug|Any CPU
		{8CC81B24-723E-41B3-895B-99DE92EF90A7}.Release|Any CPU.ActiveCfg = Release|Any CPU
		{8CC81B24-723E-41B3-895B-99DE92EF90A7}.Release|Any CPU.Build.0 = Release|Any CPU
		{64267610-D2E1-42A7-9681-E86D2579C371}.Debug|Any CPU.ActiveCfg = Debug|Any CPU
		{64267610-D2E1-42A7-9681-E86D2579C371}.Debug|Any CPU.Build.0 = Debug|Any CPU
		{64267610-D2E1-42A7-9681-E86D2579C371}.Release|Any CPU.ActiveCfg = Release|Any CPU
		{64267610-D2E1-42A7-9681-E86D2579C371}.Release|Any CPU.Build.0 = Release|Any CPU
		{8FB4BB0E-1601-49AF-AD62-4E9535DBD0FF}.Debug|Any CPU.ActiveCfg = Debug|Any CPU
		{8FB4BB0E-1601-49AF-AD62-4E9535DBD0FF}.Debug|Any CPU.Build.0 = Debug|Any CPU
		{8FB4BB0E-1601-49AF-AD62-4E9535DBD0FF}.Release|Any CPU.ActiveCfg = Release|Any CPU
		{8FB4BB0E-1601-49AF-AD62-4E9535DBD0FF}.Release|Any CPU.Build.0 = Release|Any CPU
		{0D826E1F-C1DC-4E49-82F3-9387840E51F0}.Debug|Any CPU.ActiveCfg = Debug|Any CPU
		{0D826E1F-C1DC-4E49-82F3-9387840E51F0}.Debug|Any CPU.Build.0 = Debug|Any CPU
		{0D826E1F-C1DC-4E49-82F3-9387840E51F0}.Release|Any CPU.ActiveCfg = Release|Any CPU
		{0D826E1F-C1DC-4E49-82F3-9387840E51F0}.Release|Any CPU.Build.0 = Release|Any CPU
		{6A7BA01D-E5C0-49B1-B97B-4F6701F29F81}.Debug|Any CPU.ActiveCfg = Debug|Any CPU
		{6A7BA01D-E5C0-49B1-B97B-4F6701F29F81}.Debug|Any CPU.Build.0 = Debug|Any CPU
		{6A7BA01D-E5C0-49B1-B97B-4F6701F29F81}.Release|Any CPU.ActiveCfg = Release|Any CPU
		{6A7BA01D-E5C0-49B1-B97B-4F6701F29F81}.Release|Any CPU.Build.0 = Release|Any CPU
		{439507A7-F9F8-4575-86BB-A485663C7634}.Debug|Any CPU.ActiveCfg = Debug|Any CPU
		{439507A7-F9F8-4575-86BB-A485663C7634}.Debug|Any CPU.Build.0 = Debug|Any CPU
		{439507A7-F9F8-4575-86BB-A485663C7634}.Release|Any CPU.ActiveCfg = Release|Any CPU
		{439507A7-F9F8-4575-86BB-A485663C7634}.Release|Any CPU.Build.0 = Release|Any CPU
		{002507DE-538B-48F7-A183-95EB5005281A}.Debug|Any CPU.ActiveCfg = Debug|Any CPU
		{002507DE-538B-48F7-A183-95EB5005281A}.Debug|Any CPU.Build.0 = Debug|Any CPU
		{002507DE-538B-48F7-A183-95EB5005281A}.Release|Any CPU.ActiveCfg = Release|Any CPU
		{002507DE-538B-48F7-A183-95EB5005281A}.Release|Any CPU.Build.0 = Release|Any CPU
		{FEE77FB0-32B9-47FE-BD2E-C0EBD3544D2F}.Debug|Any CPU.ActiveCfg = Debug|Any CPU
		{FEE77FB0-32B9-47FE-BD2E-C0EBD3544D2F}.Debug|Any CPU.Build.0 = Debug|Any CPU
		{FEE77FB0-32B9-47FE-BD2E-C0EBD3544D2F}.Release|Any CPU.ActiveCfg = Release|Any CPU
		{FEE77FB0-32B9-47FE-BD2E-C0EBD3544D2F}.Release|Any CPU.Build.0 = Release|Any CPU
		{6420835A-ED10-41CE-8E4C-FD38FB7DB17F}.Debug|Any CPU.ActiveCfg = Debug|Any CPU
		{6420835A-ED10-41CE-8E4C-FD38FB7DB17F}.Debug|Any CPU.Build.0 = Debug|Any CPU
		{6420835A-ED10-41CE-8E4C-FD38FB7DB17F}.Release|Any CPU.ActiveCfg = Release|Any CPU
		{6420835A-ED10-41CE-8E4C-FD38FB7DB17F}.Release|Any CPU.Build.0 = Release|Any CPU
	EndGlobalSection
	GlobalSection(SolutionProperties) = preSolution
		HideSolutionNode = FALSE
	EndGlobalSection
	GlobalSection(ExtensibilityGlobals) = postSolution
		SolutionGuid = {31CF0208-2619-437E-B796-DA3897136B3B}
	EndGlobalSection
EndGlobal
